// !$*UTF8*$!
{
	archiveVersion = 1;
	classes = {
	};
	objectVersion = 56;
	objects = {

/* Begin PBXBuildFile section */
		F05698332B69755C007859F1 /* MixologistApp.swift in Sources */ = {isa = PBXBuildFile; fileRef = F05698322B69755C007859F1 /* MixologistApp.swift */; };
		F05698352B69755C007859F1 /* Settings.swift in Sources */ = {isa = PBXBuildFile; fileRef = F05698342B69755C007859F1 /* Settings.swift */; };
		F05698372B69755C007859F1 /* Drink.swift in Sources */ = {isa = PBXBuildFile; fileRef = F05698362B69755C007859F1 /* Drink.swift */; };
		F05698392B69755D007859F1 /* Assets.xcassets in Resources */ = {isa = PBXBuildFile; fileRef = F05698382B69755D007859F1 /* Assets.xcassets */; };
		F056983C2B69755D007859F1 /* Preview Assets.xcassets in Resources */ = {isa = PBXBuildFile; fileRef = F056983B2B69755D007859F1 /* Preview Assets.xcassets */; };
		F05698452B69773A007859F1 /* Screens.swift in Sources */ = {isa = PBXBuildFile; fileRef = F05698442B69773A007859F1 /* Screens.swift */; };
		F05698472B697922007859F1 /* DrinkEdit.swift in Sources */ = {isa = PBXBuildFile; fileRef = F05698462B697922007859F1 /* DrinkEdit.swift */; };
		F0A591142B6ED85800A61CC6 /* Ingredient.swift in Sources */ = {isa = PBXBuildFile; fileRef = F0A591132B6ED85800A61CC6 /* Ingredient.swift */; };
		F0A591162B6EE38800A61CC6 /* IngredientNameEdit.swift in Sources */ = {isa = PBXBuildFile; fileRef = F0A591152B6EE38800A61CC6 /* IngredientNameEdit.swift */; };
		F0A591182B6F015A00A61CC6 /* CleaningScreen.swift in Sources */ = {isa = PBXBuildFile; fileRef = F0A591172B6F015A00A61CC6 /* CleaningScreen.swift */; };
		F0CA20DE2B6DCB7200826AC1 /* BLEData.swift in Sources */ = {isa = PBXBuildFile; fileRef = F0CA20DD2B6DCB7200826AC1 /* BLEData.swift */; };
		F0CA20E12B6DCB7900826AC1 /* GATTDefinitions.swift in Sources */ = {isa = PBXBuildFile; fileRef = F0CA20DF2B6DCB7900826AC1 /* GATTDefinitions.swift */; };
		F0CA20E22B6DCB7900826AC1 /* BluetoothManager.swift in Sources */ = {isa = PBXBuildFile; fileRef = F0CA20E02B6DCB7900826AC1 /* BluetoothManager.swift */; };
		F0CA20E42B6DCCFD00826AC1 /* ConnectBTModal.swift in Sources */ = {isa = PBXBuildFile; fileRef = F0CA20E32B6DCCFD00826AC1 /* ConnectBTModal.swift */; };
		F0CA20E82B6DDAB400826AC1 /* DrinkSelector.swift in Sources */ = {isa = PBXBuildFile; fileRef = F0CA20E72B6DDAB400826AC1 /* DrinkSelector.swift */; };
		F0DD922D2B6DF6F900B3E888 /* DrinkCard.swift in Sources */ = {isa = PBXBuildFile; fileRef = F0DD922C2B6DF6F900B3E888 /* DrinkCard.swift */; };
		F0DD922F2B6DF76D00B3E888 /* PourProgress.swift in Sources */ = {isa = PBXBuildFile; fileRef = F0DD922E2B6DF76D00B3E888 /* PourProgress.swift */; };
		F0DD92312B6E04AD00B3E888 /* IngredientProgress.swift in Sources */ = {isa = PBXBuildFile; fileRef = F0DD92302B6E04AD00B3E888 /* IngredientProgress.swift */; };
		F0F026232B6DE49400AEBF93 /* LabeledIntInput.swift in Sources */ = {isa = PBXBuildFile; fileRef = F0F026222B6DE49400AEBF93 /* LabeledIntInput.swift */; };
		F0F026252B6DEB1700AEBF93 /* Utils.swift in Sources */ = {isa = PBXBuildFile; fileRef = F0F026242B6DEB1700AEBF93 /* Utils.swift */; };
/* End PBXBuildFile section */

/* Begin PBXFileReference section */
		F056982F2B69755C007859F1 /* Mixologist.app */ = {isa = PBXFileReference; explicitFileType = wrapper.application; includeInIndex = 0; path = Mixologist.app; sourceTree = BUILT_PRODUCTS_DIR; };
		F05698322B69755C007859F1 /* MixologistApp.swift */ = {isa = PBXFileReference; lastKnownFileType = sourcecode.swift; path = MixologistApp.swift; sourceTree = "<group>"; };
		F05698342B69755C007859F1 /* Settings.swift */ = {isa = PBXFileReference; lastKnownFileType = sourcecode.swift; path = Settings.swift; sourceTree = "<group>"; };
		F05698362B69755C007859F1 /* Drink.swift */ = {isa = PBXFileReference; lastKnownFileType = sourcecode.swift; path = Drink.swift; sourceTree = "<group>"; };
		F05698382B69755D007859F1 /* Assets.xcassets */ = {isa = PBXFileReference; lastKnownFileType = folder.assetcatalog; path = Assets.xcassets; sourceTree = "<group>"; };
		F056983B2B69755D007859F1 /* Preview Assets.xcassets */ = {isa = PBXFileReference; lastKnownFileType = folder.assetcatalog; path = "Preview Assets.xcassets"; sourceTree = "<group>"; };
		F05698442B69773A007859F1 /* Screens.swift */ = {isa = PBXFileReference; lastKnownFileType = sourcecode.swift; path = Screens.swift; sourceTree = "<group>"; };
		F05698462B697922007859F1 /* DrinkEdit.swift */ = {isa = PBXFileReference; lastKnownFileType = sourcecode.swift; path = DrinkEdit.swift; sourceTree = "<group>"; };
		F0A591132B6ED85800A61CC6 /* Ingredient.swift */ = {isa = PBXFileReference; lastKnownFileType = sourcecode.swift; path = Ingredient.swift; sourceTree = "<group>"; };
		F0A591152B6EE38800A61CC6 /* IngredientNameEdit.swift */ = {isa = PBXFileReference; lastKnownFileType = sourcecode.swift; path = IngredientNameEdit.swift; sourceTree = "<group>"; };
		F0A591172B6F015A00A61CC6 /* CleaningScreen.swift */ = {isa = PBXFileReference; lastKnownFileType = sourcecode.swift; path = CleaningScreen.swift; sourceTree = "<group>"; };
		F0CA20DD2B6DCB7200826AC1 /* BLEData.swift */ = {isa = PBXFileReference; fileEncoding = 4; lastKnownFileType = sourcecode.swift; path = BLEData.swift; sourceTree = "<group>"; };
		F0CA20DF2B6DCB7900826AC1 /* GATTDefinitions.swift */ = {isa = PBXFileReference; fileEncoding = 4; lastKnownFileType = sourcecode.swift; path = GATTDefinitions.swift; sourceTree = "<group>"; };
		F0CA20E02B6DCB7900826AC1 /* BluetoothManager.swift */ = {isa = PBXFileReference; fileEncoding = 4; lastKnownFileType = sourcecode.swift; path = BluetoothManager.swift; sourceTree = "<group>"; };
		F0CA20E32B6DCCFD00826AC1 /* ConnectBTModal.swift */ = {isa = PBXFileReference; fileEncoding = 4; lastKnownFileType = sourcecode.swift; path = ConnectBTModal.swift; sourceTree = "<group>"; };
		F0CA20E72B6DDAB400826AC1 /* DrinkSelector.swift */ = {isa = PBXFileReference; lastKnownFileType = sourcecode.swift; path = DrinkSelector.swift; sourceTree = "<group>"; };
		F0DD922C2B6DF6F900B3E888 /* DrinkCard.swift */ = {isa = PBXFileReference; lastKnownFileType = sourcecode.swift; path = DrinkCard.swift; sourceTree = "<group>"; };
		F0DD922E2B6DF76D00B3E888 /* PourProgress.swift */ = {isa = PBXFileReference; lastKnownFileType = sourcecode.swift; path = PourProgress.swift; sourceTree = "<group>"; };
		F0DD92302B6E04AD00B3E888 /* IngredientProgress.swift */ = {isa = PBXFileReference; lastKnownFileType = sourcecode.swift; path = IngredientProgress.swift; sourceTree = "<group>"; };
		F0F026222B6DE49400AEBF93 /* LabeledIntInput.swift */ = {isa = PBXFileReference; fileEncoding = 4; lastKnownFileType = sourcecode.swift; path = LabeledIntInput.swift; sourceTree = "<group>"; };
		F0F026242B6DEB1700AEBF93 /* Utils.swift */ = {isa = PBXFileReference; lastKnownFileType = sourcecode.swift; path = Utils.swift; sourceTree = "<group>"; };
/* End PBXFileReference section */

/* Begin PBXFrameworksBuildPhase section */
		F056982C2B69755C007859F1 /* Frameworks */ = {
			isa = PBXFrameworksBuildPhase;
			buildActionMask = 2147483647;
			files = (
			);
			runOnlyForDeploymentPostprocessing = 0;
		};
/* End PBXFrameworksBuildPhase section */

/* Begin PBXGroup section */
		F03C30B72B74022F00B54D3F /* components */ = {
			isa = PBXGroup;
			children = (
				F0A591152B6EE38800A61CC6 /* IngredientNameEdit.swift */,
				F0F026222B6DE49400AEBF93 /* LabeledIntInput.swift */,
				F0F026242B6DEB1700AEBF93 /* Utils.swift */,
				F0DD92302B6E04AD00B3E888 /* IngredientProgress.swift */,
				F0DD922C2B6DF6F900B3E888 /* DrinkCard.swift */,
			);
			path = components;
			sourceTree = "<group>";
		};
		F05698262B69755C007859F1 = {
			isa = PBXGroup;
			children = (
				F05698312B69755C007859F1 /* Mixologist */,
				F05698302B69755C007859F1 /* Products */,
			);
			sourceTree = "<group>";
		};
		F05698302B69755C007859F1 /* Products */ = {
			isa = PBXGroup;
			children = (
				F056982F2B69755C007859F1 /* Mixologist.app */,
			);
			name = Products;
			sourceTree = "<group>";
		};
		F05698312B69755C007859F1 /* Mixologist */ = {
			isa = PBXGroup;
			children = (
				F0CA20E62B6DD8F900826AC1 /* data */,
				F0CA20E52B6DD8EC00826AC1 /* ui */,
				F0CA20DC2B6DCB4200826AC1 /* bluetooth */,
				F05698322B69755C007859F1 /* MixologistApp.swift */,
				F05698382B69755D007859F1 /* Assets.xcassets */,
				F056983A2B69755D007859F1 /* Preview Content */,
			);
			path = Mixologist;
			sourceTree = "<group>";
		};
		F056983A2B69755D007859F1 /* Preview Content */ = {
			isa = PBXGroup;
			children = (
				F056983B2B69755D007859F1 /* Preview Assets.xcassets */,
			);
			path = "Preview Content";
			sourceTree = "<group>";
		};
		F0CA20DC2B6DCB4200826AC1 /* bluetooth */ = {
			isa = PBXGroup;
			children = (
				F0CA20E32B6DCCFD00826AC1 /* ConnectBTModal.swift */,
				F0CA20E02B6DCB7900826AC1 /* BluetoothManager.swift */,
				F0CA20DF2B6DCB7900826AC1 /* GATTDefinitions.swift */,
				F0CA20DD2B6DCB7200826AC1 /* BLEData.swift */,
			);
			path = bluetooth;
			sourceTree = "<group>";
		};
		F0CA20E52B6DD8EC00826AC1 /* ui */ = {
			isa = PBXGroup;
			children = (
				F03C30B72B74022F00B54D3F /* components */,
				F05698442B69773A007859F1 /* Screens.swift */,
				F05698342B69755C007859F1 /* Settings.swift */,
				F05698462B697922007859F1 /* DrinkEdit.swift */,
				F0CA20E72B6DDAB400826AC1 /* DrinkSelector.swift */,
				F0DD922E2B6DF76D00B3E888 /* PourProgress.swift */,
				F0A591172B6F015A00A61CC6 /* CleaningScreen.swift */,
			);
			path = ui;
			sourceTree = "<group>";
		};
		F0CA20E62B6DD8F900826AC1 /* data */ = {
			isa = PBXGroup;
			children = (
				F05698362B69755C007859F1 /* Drink.swift */,
				F0A591132B6ED85800A61CC6 /* Ingredient.swift */,
			);
			path = data;
			sourceTree = "<group>";
		};
/* End PBXGroup section */

/* Begin PBXNativeTarget section */
		F056982E2B69755C007859F1 /* Mixologist */ = {
			isa = PBXNativeTarget;
			buildConfigurationList = F056983F2B69755D007859F1 /* Build configuration list for PBXNativeTarget "Mixologist" */;
			buildPhases = (
				F056982B2B69755C007859F1 /* Sources */,
				F056982C2B69755C007859F1 /* Frameworks */,
				F056982D2B69755C007859F1 /* Resources */,
			);
			buildRules = (
			);
			dependencies = (
			);
			name = Mixologist;
			productName = Mixologist;
			productReference = F056982F2B69755C007859F1 /* Mixologist.app */;
			productType = "com.apple.product-type.application";
		};
/* End PBXNativeTarget section */

/* Begin PBXProject section */
		F05698272B69755C007859F1 /* Project object */ = {
			isa = PBXProject;
			attributes = {
				BuildIndependentTargetsInParallel = 1;
				LastSwiftUpdateCheck = 1520;
				LastUpgradeCheck = 1520;
				TargetAttributes = {
					F056982E2B69755C007859F1 = {
						CreatedOnToolsVersion = 15.2;
					};
				};
			};
			buildConfigurationList = F056982A2B69755C007859F1 /* Build configuration list for PBXProject "Mixologist" */;
			compatibilityVersion = "Xcode 14.0";
			developmentRegion = en;
			hasScannedForEncodings = 0;
			knownRegions = (
				en,
				Base,
			);
			mainGroup = F05698262B69755C007859F1;
			productRefGroup = F05698302B69755C007859F1 /* Products */;
			projectDirPath = "";
			projectRoot = "";
			targets = (
				F056982E2B69755C007859F1 /* Mixologist */,
			);
		};
/* End PBXProject section */

/* Begin PBXResourcesBuildPhase section */
		F056982D2B69755C007859F1 /* Resources */ = {
			isa = PBXResourcesBuildPhase;
			buildActionMask = 2147483647;
			files = (
				F056983C2B69755D007859F1 /* Preview Assets.xcassets in Resources */,
				F05698392B69755D007859F1 /* Assets.xcassets in Resources */,
			);
			runOnlyForDeploymentPostprocessing = 0;
		};
/* End PBXResourcesBuildPhase section */

/* Begin PBXSourcesBuildPhase section */
		F056982B2B69755C007859F1 /* Sources */ = {
			isa = PBXSourcesBuildPhase;
			buildActionMask = 2147483647;
			files = (
				F0A591162B6EE38800A61CC6 /* IngredientNameEdit.swift in Sources */,
				F0DD92312B6E04AD00B3E888 /* IngredientProgress.swift in Sources */,
				F05698472B697922007859F1 /* DrinkEdit.swift in Sources */,
				F05698352B69755C007859F1 /* Settings.swift in Sources */,
				F0A591182B6F015A00A61CC6 /* CleaningScreen.swift in Sources */,
				F0CA20E42B6DCCFD00826AC1 /* ConnectBTModal.swift in Sources */,
				F0A591142B6ED85800A61CC6 /* Ingredient.swift in Sources */,
				F0CA20E82B6DDAB400826AC1 /* DrinkSelector.swift in Sources */,
				F05698372B69755C007859F1 /* Drink.swift in Sources */,
				F0F026232B6DE49400AEBF93 /* LabeledIntInput.swift in Sources */,
				F05698452B69773A007859F1 /* Screens.swift in Sources */,
				F0CA20E12B6DCB7900826AC1 /* GATTDefinitions.swift in Sources */,
				F0DD922F2B6DF76D00B3E888 /* PourProgress.swift in Sources */,
				F0CA20DE2B6DCB7200826AC1 /* BLEData.swift in Sources */,
				F0CA20E22B6DCB7900826AC1 /* BluetoothManager.swift in Sources */,
				F05698332B69755C007859F1 /* MixologistApp.swift in Sources */,
				F0DD922D2B6DF6F900B3E888 /* DrinkCard.swift in Sources */,
				F0F026252B6DEB1700AEBF93 /* Utils.swift in Sources */,
			);
			runOnlyForDeploymentPostprocessing = 0;
		};
/* End PBXSourcesBuildPhase section */

/* Begin XCBuildConfiguration section */
		F056983D2B69755D007859F1 /* Debug */ = {
			isa = XCBuildConfiguration;
			buildSettings = {
				ALWAYS_SEARCH_USER_PATHS = NO;
				ASSETCATALOG_COMPILER_GENERATE_SWIFT_ASSET_SYMBOL_EXTENSIONS = YES;
				CLANG_ANALYZER_NONNULL = YES;
				CLANG_ANALYZER_NUMBER_OBJECT_CONVERSION = YES_AGGRESSIVE;
				CLANG_CXX_LANGUAGE_STANDARD = "gnu++20";
				CLANG_ENABLE_MODULES = YES;
				CLANG_ENABLE_OBJC_ARC = YES;
				CLANG_ENABLE_OBJC_WEAK = YES;
				CLANG_WARN_BLOCK_CAPTURE_AUTORELEASING = YES;
				CLANG_WARN_BOOL_CONVERSION = YES;
				CLANG_WARN_COMMA = YES;
				CLANG_WARN_CONSTANT_CONVERSION = YES;
				CLANG_WARN_DEPRECATED_OBJC_IMPLEMENTATIONS = YES;
				CLANG_WARN_DIRECT_OBJC_ISA_USAGE = YES_ERROR;
				CLANG_WARN_DOCUMENTATION_COMMENTS = YES;
				CLANG_WARN_EMPTY_BODY = YES;
				CLANG_WARN_ENUM_CONVERSION = YES;
				CLANG_WARN_INFINITE_RECURSION = YES;
				CLANG_WARN_INT_CONVERSION = YES;
				CLANG_WARN_NON_LITERAL_NULL_CONVERSION = YES;
				CLANG_WARN_OBJC_IMPLICIT_RETAIN_SELF = YES;
				CLANG_WARN_OBJC_LITERAL_CONVERSION = YES;
				CLANG_WARN_OBJC_ROOT_CLASS = YES_ERROR;
				CLANG_WARN_QUOTED_INCLUDE_IN_FRAMEWORK_HEADER = YES;
				CLANG_WARN_RANGE_LOOP_ANALYSIS = YES;
				CLANG_WARN_STRICT_PROTOTYPES = YES;
				CLANG_WARN_SUSPICIOUS_MOVE = YES;
				CLANG_WARN_UNGUARDED_AVAILABILITY = YES_AGGRESSIVE;
				CLANG_WARN_UNREACHABLE_CODE = YES;
				CLANG_WARN__DUPLICATE_METHOD_MATCH = YES;
				COPY_PHASE_STRIP = NO;
				DEBUG_INFORMATION_FORMAT = dwarf;
				ENABLE_STRICT_OBJC_MSGSEND = YES;
				ENABLE_TESTABILITY = YES;
				ENABLE_USER_SCRIPT_SANDBOXING = YES;
				GCC_C_LANGUAGE_STANDARD = gnu17;
				GCC_DYNAMIC_NO_PIC = NO;
				GCC_NO_COMMON_BLOCKS = YES;
				GCC_OPTIMIZATION_LEVEL = 0;
				GCC_PREPROCESSOR_DEFINITIONS = (
					"DEBUG=1",
					"$(inherited)",
				);
				GCC_WARN_64_TO_32_BIT_CONVERSION = YES;
				GCC_WARN_ABOUT_RETURN_TYPE = YES_ERROR;
				GCC_WARN_UNDECLARED_SELECTOR = YES;
				GCC_WARN_UNINITIALIZED_AUTOS = YES_AGGRESSIVE;
				GCC_WARN_UNUSED_FUNCTION = YES;
				GCC_WARN_UNUSED_VARIABLE = YES;
				IPHONEOS_DEPLOYMENT_TARGET = 17.2;
				LOCALIZATION_PREFERS_STRING_CATALOGS = YES;
				MTL_ENABLE_DEBUG_INFO = INCLUDE_SOURCE;
				MTL_FAST_MATH = YES;
				ONLY_ACTIVE_ARCH = YES;
				SDKROOT = iphoneos;
				SWIFT_ACTIVE_COMPILATION_CONDITIONS = "DEBUG $(inherited)";
				SWIFT_OPTIMIZATION_LEVEL = "-Onone";
			};
			name = Debug;
		};
		F056983E2B69755D007859F1 /* Release */ = {
			isa = XCBuildConfiguration;
			buildSettings = {
				ALWAYS_SEARCH_USER_PATHS = NO;
				ASSETCATALOG_COMPILER_GENERATE_SWIFT_ASSET_SYMBOL_EXTENSIONS = YES;
				CLANG_ANALYZER_NONNULL = YES;
				CLANG_ANALYZER_NUMBER_OBJECT_CONVERSION = YES_AGGRESSIVE;
				CLANG_CXX_LANGUAGE_STANDARD = "gnu++20";
				CLANG_ENABLE_MODULES = YES;
				CLANG_ENABLE_OBJC_ARC = YES;
				CLANG_ENABLE_OBJC_WEAK = YES;
				CLANG_WARN_BLOCK_CAPTURE_AUTORELEASING = YES;
				CLANG_WARN_BOOL_CONVERSION = YES;
				CLANG_WARN_COMMA = YES;
				CLANG_WARN_CONSTANT_CONVERSION = YES;
				CLANG_WARN_DEPRECATED_OBJC_IMPLEMENTATIONS = YES;
				CLANG_WARN_DIRECT_OBJC_ISA_USAGE = YES_ERROR;
				CLANG_WARN_DOCUMENTATION_COMMENTS = YES;
				CLANG_WARN_EMPTY_BODY = YES;
				CLANG_WARN_ENUM_CONVERSION = YES;
				CLANG_WARN_INFINITE_RECURSION = YES;
				CLANG_WARN_INT_CONVERSION = YES;
				CLANG_WARN_NON_LITERAL_NULL_CONVERSION = YES;
				CLANG_WARN_OBJC_IMPLICIT_RETAIN_SELF = YES;
				CLANG_WARN_OBJC_LITERAL_CONVERSION = YES;
				CLANG_WARN_OBJC_ROOT_CLASS = YES_ERROR;
				CLANG_WARN_QUOTED_INCLUDE_IN_FRAMEWORK_HEADER = YES;
				CLANG_WARN_RANGE_LOOP_ANALYSIS = YES;
				CLANG_WARN_STRICT_PROTOTYPES = YES;
				CLANG_WARN_SUSPICIOUS_MOVE = YES;
				CLANG_WARN_UNGUARDED_AVAILABILITY = YES_AGGRESSIVE;
				CLANG_WARN_UNREACHABLE_CODE = YES;
				CLANG_WARN__DUPLICATE_METHOD_MATCH = YES;
				COPY_PHASE_STRIP = NO;
				DEBUG_INFORMATION_FORMAT = "dwarf-with-dsym";
				ENABLE_NS_ASSERTIONS = NO;
				ENABLE_STRICT_OBJC_MSGSEND = YES;
				ENABLE_USER_SCRIPT_SANDBOXING = YES;
				GCC_C_LANGUAGE_STANDARD = gnu17;
				GCC_NO_COMMON_BLOCKS = YES;
				GCC_WARN_64_TO_32_BIT_CONVERSION = YES;
				GCC_WARN_ABOUT_RETURN_TYPE = YES_ERROR;
				GCC_WARN_UNDECLARED_SELECTOR = YES;
				GCC_WARN_UNINITIALIZED_AUTOS = YES_AGGRESSIVE;
				GCC_WARN_UNUSED_FUNCTION = YES;
				GCC_WARN_UNUSED_VARIABLE = YES;
				IPHONEOS_DEPLOYMENT_TARGET = 17.2;
				LOCALIZATION_PREFERS_STRING_CATALOGS = YES;
				MTL_ENABLE_DEBUG_INFO = NO;
				MTL_FAST_MATH = YES;
				SDKROOT = iphoneos;
				SWIFT_COMPILATION_MODE = wholemodule;
				VALIDATE_PRODUCT = YES;
			};
			name = Release;
		};
		F05698402B69755D007859F1 /* Debug */ = {
			isa = XCBuildConfiguration;
			buildSettings = {
				ASSETCATALOG_COMPILER_APPICON_NAME = AppIcon;
				ASSETCATALOG_COMPILER_GLOBAL_ACCENT_COLOR_NAME = AccentColor;
				CODE_SIGN_STYLE = Automatic;
				CURRENT_PROJECT_VERSION = 1;
				DEVELOPMENT_ASSET_PATHS = "\"Mixologist/Preview Content\"";
				DEVELOPMENT_TEAM = 65AMD2STXG;
				ENABLE_PREVIEWS = YES;
				GENERATE_INFOPLIST_FILE = YES;
				INFOPLIST_KEY_NSBluetoothAlwaysUsageDescription = "Control Mixologist";
				INFOPLIST_KEY_NSBluetoothPeripheralUsageDescription = "Control Mixologist";
				INFOPLIST_KEY_UIApplicationSceneManifest_Generation = YES;
				INFOPLIST_KEY_UIApplicationSupportsIndirectInputEvents = YES;
				INFOPLIST_KEY_UILaunchScreen_Generation = YES;
				INFOPLIST_KEY_UISupportedInterfaceOrientations_iPad = "UIInterfaceOrientationPortrait UIInterfaceOrientationPortraitUpsideDown UIInterfaceOrientationLandscapeLeft UIInterfaceOrientationLandscapeRight";
				INFOPLIST_KEY_UISupportedInterfaceOrientations_iPhone = "UIInterfaceOrientationPortrait UIInterfaceOrientationLandscapeLeft UIInterfaceOrientationLandscapeRight";
				LD_RUNPATH_SEARCH_PATHS = (
					"$(inherited)",
					"@executable_path/Frameworks",
				);
				MARKETING_VERSION = 1.0;
				PRODUCT_BUNDLE_IDENTIFIER = com.bwees.Mixologist;
				PRODUCT_NAME = "$(TARGET_NAME)";
				SWIFT_EMIT_LOC_STRINGS = YES;
				SWIFT_VERSION = 5.0;
				TARGETED_DEVICE_FAMILY = "1,2";
			};
			name = Debug;
		};
		F05698412B69755D007859F1 /* Release */ = {
			isa = XCBuildConfiguration;
			buildSettings = {
				ASSETCATALOG_COMPILER_APPICON_NAME = AppIcon;
				ASSETCATALOG_COMPILER_GLOBAL_ACCENT_COLOR_NAME = AccentColor;
				CODE_SIGN_STYLE = Automatic;
				CURRENT_PROJECT_VERSION = 1;
				DEVELOPMENT_ASSET_PATHS = "\"Mixologist/Preview Content\"";
				DEVELOPMENT_TEAM = 65AMD2STXG;
				ENABLE_PREVIEWS = YES;
				GENERATE_INFOPLIST_FILE = YES;
				INFOPLIST_KEY_NSBluetoothAlwaysUsageDescription = "Control Mixologist";
				INFOPLIST_KEY_NSBluetoothPeripheralUsageDescription = "Control Mixologist";
				INFOPLIST_KEY_UIApplicationSceneManifest_Generation = YES;
				INFOPLIST_KEY_UIApplicationSupportsIndirectInputEvents = YES;
				INFOPLIST_KEY_UILaunchScreen_Generation = YES;
				INFOPLIST_KEY_UISupportedInterfaceOrientations_iPad = "UIInterfaceOrientationPortrait UIInterfaceOrientationPortraitUpsideDown UIInterfaceOrientationLandscapeLeft UIInterfaceOrientationLandscapeRight";
				INFOPLIST_KEY_UISupportedInterfaceOrientations_iPhone = "UIInterfaceOrientationPortrait UIInterfaceOrientationLandscapeLeft UIInterfaceOrientationLandscapeRight";
				LD_RUNPATH_SEARCH_PATHS = (
					"$(inherited)",
					"@executable_path/Frameworks",
				);
				MARKETING_VERSION = 1.0;
				PRODUCT_BUNDLE_IDENTIFIER = com.bwees.Mixologist;
				PRODUCT_NAME = "$(TARGET_NAME)";
				SWIFT_EMIT_LOC_STRINGS = YES;
				SWIFT_VERSION = 5.0;
				TARGETED_DEVICE_FAMILY = "1,2";
			};
			name = Release;
		};
/* End XCBuildConfiguration section */

/* Begin XCConfigurationList section */
		F056982A2B69755C007859F1 /* Build configuration list for PBXProject "Mixologist" */ = {
			isa = XCConfigurationList;
			buildConfigurations = (
				F056983D2B69755D007859F1 /* Debug */,
				F056983E2B69755D007859F1 /* Release */,
			);
			defaultConfigurationIsVisible = 0;
			defaultConfigurationName = Release;
		};
		F056983F2B69755D007859F1 /* Build configuration list for PBXNativeTarget "Mixologist" */ = {
			isa = XCConfigurationList;
			buildConfigurations = (
				F05698402B69755D007859F1 /* Debug */,
				F05698412B69755D007859F1 /* Release */,
			);
			defaultConfigurationIsVisible = 0;
			defaultConfigurationName = Release;
		};
/* End XCConfigurationList section */
	};
	rootObject = F05698272B69755C007859F1 /* Project object */;
}
